
Microsoft Visual Studio Solution File, Format Version 12.00
# Visual Studio Version 17
VisualStudioVersion = 17.5.33516.290
MinimumVisualStudioVersion = 10.0.40219.1
Project("{FAE04EC0-301F-11D3-BF4B-00C04F79EFBC}") = "Op", "Op.csproj", "{270DA972-2F59-4ED8-AD57-927DB9043763}"
EndProject
Global
	GlobalSection(SolutionConfigurationPlatforms) = preSolution
		Debug|Any CPU = Debug|Any CPU
		Release|Any CPU = Release|Any CPU
	EndGlobalSection
	GlobalSection(ProjectConfigurationPlatforms) = postSolution
		{270DA972-2F59-4ED8-AD57-927DB9043763}.Debug|Any CPU.ActiveCfg = Debug|Any CPU
		{270DA972-2F59-4ED8-AD57-927DB9043763}.Debug|Any CPU.Build.0 = Debug|Any CPU
		{270DA972-2F59-4ED8-AD57-927DB9043763}.Release|Any CPU.ActiveCfg = Release|Any CPU
		{270DA972-2F59-4ED8-AD57-927DB9043763}.Release|Any CPU.Build.0 = Release|Any CPU
	EndGlobalSection
	GlobalSection(SolutionProperties) = preSolution
		HideSolutionNode = FALSE
	EndGlobalSection
	GlobalSection(ExtensibilityGlobals) = postSolution
		SolutionGuid = {946C8126-1D5E-404D-8190-E2B82C27E495}
	EndGlobalSection
EndGlobal
