
Microsoft Visual Studio Solution File, Format Version 12.00
# Visual Studio Version 16
VisualStudioVersion = 16.0.34301.259
MinimumVisualStudioVersion = 10.0.40219.1
Project("{FAE04EC0-301F-11D3-BF4B-00C04F79EFBC}") = "ConsoleApp20", "ConsoleApp20.csproj", "{0C6FBD97-FFD3-42CA-A07B-5CF0121A58F5}"
EndProject
Global
	GlobalSection(SolutionConfigurationPlatforms) = preSolution
		Debug|Any CPU = Debug|Any CPU
		Release|Any CPU = Release|Any CPU
	EndGlobalSection
	GlobalSection(ProjectConfigurationPlatforms) = postSolution
		{0C6FBD97-FFD3-42CA-A07B-5CF0121A58F5}.Debug|Any CPU.ActiveCfg = Debug|Any CPU
		{0C6FBD97-FFD3-42CA-A07B-5CF0121A58F5}.Debug|Any CPU.Build.0 = Debug|Any CPU
		{0C6FBD97-FFD3-42CA-A07B-5CF0121A58F5}.Release|Any CPU.ActiveCfg = Release|Any CPU
		{0C6FBD97-FFD3-42CA-A07B-5CF0121A58F5}.Release|Any CPU.Build.0 = Release|Any CPU
	EndGlobalSection
	GlobalSection(SolutionProperties) = preSolution
		HideSolutionNode = FALSE
	EndGlobalSection
	GlobalSection(ExtensibilityGlobals) = postSolution
		SolutionGuid = {9A68EBAD-083B-4E9F-949F-7C35E2985D3F}
	EndGlobalSection
EndGlobal
